
Microsoft Visual Studio Solution File, Format Version 12.00
# Visual Studio Version 17
VisualStudioVersion = 17.14.36414.22 d17.14
MinimumVisualStudioVersion = 10.0.40219.1
Project("{FAE04EC0-301F-11D3-BF4B-00C04F79EFBC}") = "WebApplication3HtmlHelperClasses", "WebApplication3HtmlHelperClasses\WebApplication3HtmlHelperClasses.csproj", "{AAF2DAC4-152A-43B4-8B61-14C9455FA598}"
EndProject
Global
	GlobalSection(SolutionConfigurationPlatforms) = preSolution
		Debug|Any CPU = Debug|Any CPU
		Release|Any CPU = Release|Any CPU
	EndGlobalSection
	GlobalSection(ProjectConfigurationPlatforms) = postSolution
		{AAF2DAC4-152A-43B4-8B61-14C9455FA598}.Debug|Any CPU.ActiveCfg = Debug|Any CPU
		{AAF2DAC4-152A-43B4-8B61-14C9455FA598}.Debug|Any CPU.Build.0 = Debug|Any CPU
		{AAF2DAC4-152A-43B4-8B61-14C9455FA598}.Release|Any CPU.ActiveCfg = Release|Any CPU
		{AAF2DAC4-152A-43B4-8B61-14C9455FA598}.Release|Any CPU.Build.0 = Release|Any CPU
	EndGlobalSection
	GlobalSection(SolutionProperties) = preSolution
		HideSolutionNode = FALSE
	EndGlobalSection
	GlobalSection(ExtensibilityGlobals) = postSolution
		SolutionGuid = {1ED422A8-5D78-4D06-9D35-ED40317D03AB}
	EndGlobalSection
EndGlobal
